
Microsoft Visual Studio Solution File, Format Version 12.00
# Visual Studio Version 17
VisualStudioVersion = 17.0.31903.59
MinimumVisualStudioVersion = 10.0.40219.1
Project("{2150E333-8FDC-42A3-9474-1A3956D46DE8}") = "src", "src", "{9316B808-4E93-4E7C-B5D6-1C87B65E72A8}"
	ProjectSection(SolutionItems) = preProject
		Directory.Build.props = Directory.Build.props
	EndProjectSection
EndProject
Project("{9A19103F-16F7-4668-BE54-9A1E7A4F7556}") = "Payetools.Common", "src\Payetools.Common\Payetools.Common.csproj", "{A201CA1D-5851-4EDF-8666-328B0D773189}"
EndProject
Project("{2150E333-8FDC-42A3-9474-1A3956D46DE8}") = "test", "test", "{17075853-7B07-44FD-8FDB-B917A9E51140}"
EndProject
Project("{9A19103F-16F7-4668-BE54-9A1E7A4F7556}") = "Payetools.Common.Tests", "test\Payetools.Common.Tests\Payetools.Common.Tests.csproj", "{8DB123BD-29BD-4C79-AA00-B293D140A355}"
EndProject
Project("{2150E333-8FDC-42A3-9474-1A3956D46DE8}") = "doc", "doc", "{6E337BD9-2FCA-4C69-B47C-5926F44FBD2F}"
	ProjectSection(SolutionItems) = preProject
		doc\KnownIssues.md = doc\KnownIssues.md
		doc\README.md = doc\README.md
		doc\releases.md = doc\releases.md
	EndProjectSection
EndProject
Project("{9A19103F-16F7-4668-BE54-9A1E7A4F7556}") = "Payetools.IncomeTax", "src\Payetools.IncomeTax\Payetools.IncomeTax.csproj", "{08A4EC88-AAD4-476B-BE2D-E955D58AC5C5}"
EndProject
Project("{9A19103F-16F7-4668-BE54-9A1E7A4F7556}") = "Payetools.IncomeTax.Tests", "test\Payetools.IncomeTax.Tests\Payetools.IncomeTax.Tests.csproj", "{57D3E859-FAAB-4EE1-B036-6FA3A020DC39}"
EndProject
Project("{9A19103F-16F7-4668-BE54-9A1E7A4F7556}") = "Payetools.ReferenceData", "src\Payetools.ReferenceData\Payetools.ReferenceData.csproj", "{C19233BD-F224-486A-8790-5861DA6299CD}"
EndProject
Project("{9A19103F-16F7-4668-BE54-9A1E7A4F7556}") = "Payetools.NationalInsurance", "src\Payetools.NationalInsurance\Payetools.NationalInsurance.csproj", "{5092B937-A5E0-4FE9-A8B4-5120A9E27967}"
EndProject
Project("{9A19103F-16F7-4668-BE54-9A1E7A4F7556}") = "Payetools.NationalInsurance.Tests", "test\Payetools.NationalInsurance.Tests\Payetools.NationalInsurance.Tests.csproj", "{0A6CD27A-4336-4533-974F-E56D308CEF8B}"
EndProject
Project("{9A19103F-16F7-4668-BE54-9A1E7A4F7556}") = "Payetools.Testing.Data", "test\Payetools.Testing.Data\Payetools.Testing.Data.csproj", "{99A00AD7-6132-445E-897D-34EE3B6D0F5E}"
EndProject
Project("{9A19103F-16F7-4668-BE54-9A1E7A4F7556}") = "Payetools.Pensions", "src\Payetools.Pensions\Payetools.Pensions.csproj", "{0A1029F5-EF89-47C8-BF69-5CB6A4A5F4D7}"
EndProject
Project("{9A19103F-16F7-4668-BE54-9A1E7A4F7556}") = "Payetools.Pensions.Tests", "test\Payetools.Pensions.Tests\Payetools.Pensions.Tests.csproj", "{348E78DB-0BD6-461B-A9D6-70105336A823}"
EndProject
Project("{9A19103F-16F7-4668-BE54-9A1E7A4F7556}") = "Payetools.Testing.Utils", "test\Payetools.Testing.Utils\Payetools.Testing.Utils.csproj", "{551B06A9-420C-4E39-A65C-4C28A26602F8}"
EndProject
Project("{9A19103F-16F7-4668-BE54-9A1E7A4F7556}") = "Payetools.NationalMinimumWage.Tests", "test\Payetools.NationalMinimumWage.Tests\Payetools.NationalMinimumWage.Tests.csproj", "{D7E01F4D-4343-4751-97AE-15AE3B7BBC4F}"
EndProject
Project("{9A19103F-16F7-4668-BE54-9A1E7A4F7556}") = "Payetools.NationalMinimumWage", "src\Payetools.NationalMinimumWage\Payetools.NationalMinimumWage.csproj", "{864BEB91-80AE-416D-BC81-EE134DD68E0C}"
EndProject
Project("{9A19103F-16F7-4668-BE54-9A1E7A4F7556}") = "Payetools.StudentLoans", "src\Payetools.StudentLoans\Payetools.StudentLoans.csproj", "{1AC96853-D6EA-4D27-AE0F-12538A8FF64B}"
EndProject
Project("{9A19103F-16F7-4668-BE54-9A1E7A4F7556}") = "Payetools.StudentLoans.Tests", "test\Payetools.StudentLoans.Tests\Payetools.StudentLoans.Tests.csproj", "{0A4C51BC-F6DE-4F42-A4DA-87E151B3039E}"
EndProject
Project("{9A19103F-16F7-4668-BE54-9A1E7A4F7556}") = "Payetools.Payroll", "src\Payetools.Payroll\Payetools.Payroll.csproj", "{872DF738-E8C0-439A-97D1-720B0DC08401}"
EndProject
Project("{9A19103F-16F7-4668-BE54-9A1E7A4F7556}") = "Payetools.Payroll.Tests", "test\Payetools.Payroll.Tests\Payetools.Payroll.Tests.csproj", "{9B022998-85C4-47C9-B989-AB58F6BDE47B}"
EndProject
Project("{9A19103F-16F7-4668-BE54-9A1E7A4F7556}") = "_build", "build\_build.csproj", "{9918B4E2-ACAA-4A46-8658-599651D88A95}"
EndProject
Project("{9A19103F-16F7-4668-BE54-9A1E7A4F7556}") = "Payetools.AttachmentOrders", "src\Payetools.AttachmentOrders\Payetools.AttachmentOrders.csproj", "{98D7F9C4-D01E-446B-B78B-F7C6298BD388}"
EndProject
Project("{9A19103F-16F7-4668-BE54-9A1E7A4F7556}") = "Payetools.Statutory.Tests", "test\Payetools.Statutory.Tests\Payetools.Statutory.Tests.csproj", "{344F8D7A-D59A-4C71-B0A4-9894D664DFB7}"
EndProject
Project("{2150E333-8FDC-42A3-9474-1A3956D46DE8}") = "examples", "examples", "{6F502F95-10A0-4E87-91B5-40ED4248C225}"
EndProject
Project("{9A19103F-16F7-4668-BE54-9A1E7A4F7556}") = "Payroll", "examples\Payroll\Payroll.csproj", "{5A472F5D-496A-47C2-8439-7BD1A7E2C998}"
EndProject
Project("{2150E333-8FDC-42A3-9474-1A3956D46DE8}") = "misc", "misc", "{02EA681E-C7D8-13C7-8484-4AC65E1B71E8}"
	ProjectSection(SolutionItems) = preProject
		global.json = global.json
	EndProjectSection
EndProject
Project("{2150E333-8FDC-42A3-9474-1A3956D46DE8}") = "reference-data", "reference-data", "{51F9FB35-741D-48F7-969E-9DC3724BDCFB}"
	ProjectSection(SolutionItems) = preProject
		reference-data\hmrc-reference-data-2022-2023.json = reference-data\hmrc-reference-data-2022-2023.json
		reference-data\hmrc-reference-data-2023-2024.json = reference-data\hmrc-reference-data-2023-2024.json
		reference-data\hmrc-reference-data-2024-2025.json = reference-data\hmrc-reference-data-2024-2025.json
		reference-data\hmrc-reference-data-2025-2026.json = reference-data\hmrc-reference-data-2025-2026.json
	EndProjectSection
EndProject
Project("{FAE04EC0-301F-11D3-BF4B-00C04F79EFBC}") = "Payetools.AttachmentOrders.Tests", "test\Payetools.AttachmentOrders.Tests\Payetools.AttachmentOrders.Tests.csproj", "{7FA3A67A-2CF5-4654-B9DE-EB6E0DCEFEB1}"
EndProject
Global
	GlobalSection(SolutionConfigurationPlatforms) = preSolution
		Debug|Any CPU = Debug|Any CPU
		Release|Any CPU = Release|Any CPU
	EndGlobalSection
	GlobalSection(ProjectConfigurationPlatforms) = postSolution
		{A201CA1D-5851-4EDF-8666-328B0D773189}.Debug|Any CPU.ActiveCfg = Debug|Any CPU
		{A201CA1D-5851-4EDF-8666-328B0D773189}.Debug|Any CPU.Build.0 = Debug|Any CPU
		{A201CA1D-5851-4EDF-8666-328B0D773189}.Release|Any CPU.ActiveCfg = Release|Any CPU
		{A201CA1D-5851-4EDF-8666-328B0D773189}.Release|Any CPU.Build.0 = Release|Any CPU
		{8DB123BD-29BD-4C79-AA00-B293D140A355}.Debug|Any CPU.ActiveCfg = Debug|Any CPU
		{8DB123BD-29BD-4C79-AA00-B293D140A355}.Debug|Any CPU.Build.0 = Debug|Any CPU
		{8DB123BD-29BD-4C79-AA00-B293D140A355}.Release|Any CPU.ActiveCfg = Release|Any CPU
		{8DB123BD-29BD-4C79-AA00-B293D140A355}.Release|Any CPU.Build.0 = Release|Any CPU
		{08A4EC88-AAD4-476B-BE2D-E955D58AC5C5}.Debug|Any CPU.ActiveCfg = Debug|Any CPU
		{08A4EC88-AAD4-476B-BE2D-E955D58AC5C5}.Debug|Any CPU.Build.0 = Debug|Any CPU
		{08A4EC88-AAD4-476B-BE2D-E955D58AC5C5}.Release|Any CPU.ActiveCfg = Release|Any CPU
		{08A4EC88-AAD4-476B-BE2D-E955D58AC5C5}.Release|Any CPU.Build.0 = Release|Any CPU
		{57D3E859-FAAB-4EE1-B036-6FA3A020DC39}.Debug|Any CPU.ActiveCfg = Debug|Any CPU
		{57D3E859-FAAB-4EE1-B036-6FA3A020DC39}.Debug|Any CPU.Build.0 = Debug|Any CPU
		{57D3E859-FAAB-4EE1-B036-6FA3A020DC39}.Release|Any CPU.ActiveCfg = Release|Any CPU
		{57D3E859-FAAB-4EE1-B036-6FA3A020DC39}.Release|Any CPU.Build.0 = Release|Any CPU
		{C19233BD-F224-486A-8790-5861DA6299CD}.Debug|Any CPU.ActiveCfg = Debug|Any CPU
		{C19233BD-F224-486A-8790-5861DA6299CD}.Debug|Any CPU.Build.0 = Debug|Any CPU
		{C19233BD-F224-486A-8790-5861DA6299CD}.Release|Any CPU.ActiveCfg = Release|Any CPU
		{C19233BD-F224-486A-8790-5861DA6299CD}.Release|Any CPU.Build.0 = Release|Any CPU
		{5092B937-A5E0-4FE9-A8B4-5120A9E27967}.Debug|Any CPU.ActiveCfg = Debug|Any CPU
		{5092B937-A5E0-4FE9-A8B4-5120A9E27967}.Debug|Any CPU.Build.0 = Debug|Any CPU
		{5092B937-A5E0-4FE9-A8B4-5120A9E27967}.Release|Any CPU.ActiveCfg = Release|Any CPU
		{5092B937-A5E0-4FE9-A8B4-5120A9E27967}.Release|Any CPU.Build.0 = Release|Any CPU
		{0A6CD27A-4336-4533-974F-E56D308CEF8B}.Debug|Any CPU.ActiveCfg = Debug|Any CPU
		{0A6CD27A-4336-4533-974F-E56D308CEF8B}.Debug|Any CPU.Build.0 = Debug|Any CPU
		{0A6CD27A-4336-4533-974F-E56D308CEF8B}.Release|Any CPU.ActiveCfg = Release|Any CPU
		{0A6CD27A-4336-4533-974F-E56D308CEF8B}.Release|Any CPU.Build.0 = Release|Any CPU
		{99A00AD7-6132-445E-897D-34EE3B6D0F5E}.Debug|Any CPU.ActiveCfg = Debug|Any CPU
		{99A00AD7-6132-445E-897D-34EE3B6D0F5E}.Debug|Any CPU.Build.0 = Debug|Any CPU
		{99A00AD7-6132-445E-897D-34EE3B6D0F5E}.Release|Any CPU.ActiveCfg = Release|Any CPU
		{99A00AD7-6132-445E-897D-34EE3B6D0F5E}.Release|Any CPU.Build.0 = Release|Any CPU
		{0A1029F5-EF89-47C8-BF69-5CB6A4A5F4D7}.Debug|Any CPU.ActiveCfg = Debug|Any CPU
		{0A1029F5-EF89-47C8-BF69-5CB6A4A5F4D7}.Debug|Any CPU.Build.0 = Debug|Any CPU
		{0A1029F5-EF89-47C8-BF69-5CB6A4A5F4D7}.Release|Any CPU.ActiveCfg = Release|Any CPU
		{0A1029F5-EF89-47C8-BF69-5CB6A4A5F4D7}.Release|Any CPU.Build.0 = Release|Any CPU
		{348E78DB-0BD6-461B-A9D6-70105336A823}.Debug|Any CPU.ActiveCfg = Debug|Any CPU
		{348E78DB-0BD6-461B-A9D6-70105336A823}.Debug|Any CPU.Build.0 = Debug|Any CPU
		{348E78DB-0BD6-461B-A9D6-70105336A823}.Release|Any CPU.ActiveCfg = Release|Any CPU
		{348E78DB-0BD6-461B-A9D6-70105336A823}.Release|Any CPU.Build.0 = Release|Any CPU
		{551B06A9-420C-4E39-A65C-4C28A26602F8}.Debug|Any CPU.ActiveCfg = Debug|Any CPU
		{551B06A9-420C-4E39-A65C-4C28A26602F8}.Debug|Any CPU.Build.0 = Debug|Any CPU
		{551B06A9-420C-4E39-A65C-4C28A26602F8}.Release|Any CPU.ActiveCfg = Release|Any CPU
		{551B06A9-420C-4E39-A65C-4C28A26602F8}.Release|Any CPU.Build.0 = Release|Any CPU
		{D7E01F4D-4343-4751-97AE-15AE3B7BBC4F}.Debug|Any CPU.ActiveCfg = Debug|Any CPU
		{D7E01F4D-4343-4751-97AE-15AE3B7BBC4F}.Debug|Any CPU.Build.0 = Debug|Any CPU
		{D7E01F4D-4343-4751-97AE-15AE3B7BBC4F}.Release|Any CPU.ActiveCfg = Release|Any CPU
		{D7E01F4D-4343-4751-97AE-15AE3B7BBC4F}.Release|Any CPU.Build.0 = Release|Any CPU
		{864BEB91-80AE-416D-BC81-EE134DD68E0C}.Debug|Any CPU.ActiveCfg = Debug|Any CPU
		{864BEB91-80AE-416D-BC81-EE134DD68E0C}.Debug|Any CPU.Build.0 = Debug|Any CPU
		{864BEB91-80AE-416D-BC81-EE134DD68E0C}.Release|Any CPU.ActiveCfg = Release|Any CPU
		{864BEB91-80AE-416D-BC81-EE134DD68E0C}.Release|Any CPU.Build.0 = Release|Any CPU
		{1AC96853-D6EA-4D27-AE0F-12538A8FF64B}.Debug|Any CPU.ActiveCfg = Debug|Any CPU
		{1AC96853-D6EA-4D27-AE0F-12538A8FF64B}.Debug|Any CPU.Build.0 = Debug|Any CPU
		{1AC96853-D6EA-4D27-AE0F-12538A8FF64B}.Release|Any CPU.ActiveCfg = Release|Any CPU
		{1AC96853-D6EA-4D27-AE0F-12538A8FF64B}.Release|Any CPU.Build.0 = Release|Any CPU
		{0A4C51BC-F6DE-4F42-A4DA-87E151B3039E}.Debug|Any CPU.ActiveCfg = Debug|Any CPU
		{0A4C51BC-F6DE-4F42-A4DA-87E151B3039E}.Debug|Any CPU.Build.0 = Debug|Any CPU
		{0A4C51BC-F6DE-4F42-A4DA-87E151B3039E}.Release|Any CPU.ActiveCfg = Release|Any CPU
		{0A4C51BC-F6DE-4F42-A4DA-87E151B3039E}.Release|Any CPU.Build.0 = Release|Any CPU
		{872DF738-E8C0-439A-97D1-720B0DC08401}.Debug|Any CPU.ActiveCfg = Debug|Any CPU
		{872DF738-E8C0-439A-97D1-720B0DC08401}.Debug|Any CPU.Build.0 = Debug|Any CPU
		{872DF738-E8C0-439A-97D1-720B0DC08401}.Release|Any CPU.ActiveCfg = Release|Any CPU
		{872DF738-E8C0-439A-97D1-720B0DC08401}.Release|Any CPU.Build.0 = Release|Any CPU
		{9B022998-85C4-47C9-B989-AB58F6BDE47B}.Debug|Any CPU.ActiveCfg = Debug|Any CPU
		{9B022998-85C4-47C9-B989-AB58F6BDE47B}.Debug|Any CPU.Build.0 = Debug|Any CPU
		{9B022998-85C4-47C9-B989-AB58F6BDE47B}.Release|Any CPU.ActiveCfg = Release|Any CPU
		{9B022998-85C4-47C9-B989-AB58F6BDE47B}.Release|Any CPU.Build.0 = Release|Any CPU
		{9918B4E2-ACAA-4A46-8658-599651D88A95}.Debug|Any CPU.ActiveCfg = Debug|Any CPU
		{9918B4E2-ACAA-4A46-8658-599651D88A95}.Release|Any CPU.ActiveCfg = Release|Any CPU
		{98D7F9C4-D01E-446B-B78B-F7C6298BD388}.Debug|Any CPU.ActiveCfg = Debug|Any CPU
		{98D7F9C4-D01E-446B-B78B-F7C6298BD388}.Debug|Any CPU.Build.0 = Debug|Any CPU
		{98D7F9C4-D01E-446B-B78B-F7C6298BD388}.Release|Any CPU.ActiveCfg = Release|Any CPU
		{98D7F9C4-D01E-446B-B78B-F7C6298BD388}.Release|Any CPU.Build.0 = Release|Any CPU
		{344F8D7A-D59A-4C71-B0A4-9894D664DFB7}.Debug|Any CPU.ActiveCfg = Debug|Any CPU
		{344F8D7A-D59A-4C71-B0A4-9894D664DFB7}.Debug|Any CPU.Build.0 = Debug|Any CPU
		{344F8D7A-D59A-4C71-B0A4-9894D664DFB7}.Release|Any CPU.ActiveCfg = Release|Any CPU
		{344F8D7A-D59A-4C71-B0A4-9894D664DFB7}.Release|Any CPU.Build.0 = Release|Any CPU
		{5A472F5D-496A-47C2-8439-7BD1A7E2C998}.Debug|Any CPU.ActiveCfg = Debug|Any CPU
		{5A472F5D-496A-47C2-8439-7BD1A7E2C998}.Debug|Any CPU.Build.0 = Debug|Any CPU
		{5A472F5D-496A-47C2-8439-7BD1A7E2C998}.Release|Any CPU.ActiveCfg = Release|Any CPU
		{5A472F5D-496A-47C2-8439-7BD1A7E2C998}.Release|Any CPU.Build.0 = Release|Any CPU
		{7FA3A67A-2CF5-4654-B9DE-EB6E0DCEFEB1}.Debug|Any CPU.ActiveCfg = Debug|Any CPU
		{7FA3A67A-2CF5-4654-B9DE-EB6E0DCEFEB1}.Debug|Any CPU.Build.0 = Debug|Any CPU
		{7FA3A67A-2CF5-4654-B9DE-EB6E0DCEFEB1}.Release|Any CPU.ActiveCfg = Release|Any CPU
		{7FA3A67A-2CF5-4654-B9DE-EB6E0DCEFEB1}.Release|Any CPU.Build.0 = Release|Any CPU
	EndGlobalSection
	GlobalSection(SolutionProperties) = preSolution
		HideSolutionNode = FALSE
	EndGlobalSection
	GlobalSection(NestedProjects) = preSolution
		{A201CA1D-5851-4EDF-8666-328B0D773189} = {9316B808-4E93-4E7C-B5D6-1C87B65E72A8}
		{8DB123BD-29BD-4C79-AA00-B293D140A355} = {17075853-7B07-44FD-8FDB-B917A9E51140}
		{08A4EC88-AAD4-476B-BE2D-E955D58AC5C5} = {9316B808-4E93-4E7C-B5D6-1C87B65E72A8}
		{57D3E859-FAAB-4EE1-B036-6FA3A020DC39} = {17075853-7B07-44FD-8FDB-B917A9E51140}
		{C19233BD-F224-486A-8790-5861DA6299CD} = {9316B808-4E93-4E7C-B5D6-1C87B65E72A8}
		{5092B937-A5E0-4FE9-A8B4-5120A9E27967} = {9316B808-4E93-4E7C-B5D6-1C87B65E72A8}
		{0A6CD27A-4336-4533-974F-E56D308CEF8B} = {17075853-7B07-44FD-8FDB-B917A9E51140}
		{99A00AD7-6132-445E-897D-34EE3B6D0F5E} = {17075853-7B07-44FD-8FDB-B917A9E51140}
		{0A1029F5-EF89-47C8-BF69-5CB6A4A5F4D7} = {9316B808-4E93-4E7C-B5D6-1C87B65E72A8}
		{348E78DB-0BD6-461B-A9D6-70105336A823} = {17075853-7B07-44FD-8FDB-B917A9E51140}
		{551B06A9-420C-4E39-A65C-4C28A26602F8} = {17075853-7B07-44FD-8FDB-B917A9E51140}
		{D7E01F4D-4343-4751-97AE-15AE3B7BBC4F} = {17075853-7B07-44FD-8FDB-B917A9E51140}
		{864BEB91-80AE-416D-BC81-EE134DD68E0C} = {9316B808-4E93-4E7C-B5D6-1C87B65E72A8}
		{1AC96853-D6EA-4D27-AE0F-12538A8FF64B} = {9316B808-4E93-4E7C-B5D6-1C87B65E72A8}
		{0A4C51BC-F6DE-4F42-A4DA-87E151B3039E} = {17075853-7B07-44FD-8FDB-B917A9E51140}
		{872DF738-E8C0-439A-97D1-720B0DC08401} = {9316B808-4E93-4E7C-B5D6-1C87B65E72A8}
		{9B022998-85C4-47C9-B989-AB58F6BDE47B} = {17075853-7B07-44FD-8FDB-B917A9E51140}
		{98D7F9C4-D01E-446B-B78B-F7C6298BD388} = {9316B808-4E93-4E7C-B5D6-1C87B65E72A8}
		{344F8D7A-D59A-4C71-B0A4-9894D664DFB7} = {17075853-7B07-44FD-8FDB-B917A9E51140}
		{5A472F5D-496A-47C2-8439-7BD1A7E2C998} = {6F502F95-10A0-4E87-91B5-40ED4248C225}
		{7FA3A67A-2CF5-4654-B9DE-EB6E0DCEFEB1} = {17075853-7B07-44FD-8FDB-B917A9E51140}
	EndGlobalSection
	GlobalSection(ExtensibilityGlobals) = postSolution
		SolutionGuid = {BEF0603C-E049-4F35-B083-9EC35309E23C}
	EndGlobalSection
EndGlobal
