
Microsoft Visual Studio Solution File, Format Version 12.00
# Visual Studio Version 17
VisualStudioVersion = 17.0.31903.59
MinimumVisualStudioVersion = 10.0.40219.1
Project("{2150E333-8FDC-42A3-9474-1A3956D46DE8}") = "src", "src", "{9316B808-4E93-4E7C-B5D6-1C87B65E72A8}"
EndProject
Project("{9A19103F-16F7-4668-BE54-9A1E7A4F7556}") = "Paytools.Common", "src\Paytools.Common\Paytools.Common.csproj", "{A201CA1D-5851-4EDF-8666-328B0D773189}"
EndProject
Project("{2150E333-8FDC-42A3-9474-1A3956D46DE8}") = "test", "test", "{17075853-7B07-44FD-8FDB-B917A9E51140}"
EndProject
Project("{9A19103F-16F7-4668-BE54-9A1E7A4F7556}") = "Paytools.Common.Tests", "test\Paytools.Common.Tests\Paytools.Common.Tests.csproj", "{8DB123BD-29BD-4C79-AA00-B293D140A355}"
EndProject
Project("{2150E333-8FDC-42A3-9474-1A3956D46DE8}") = "docs", "docs", "{6E337BD9-2FCA-4C69-B47C-5926F44FBD2F}"
	ProjectSection(SolutionItems) = preProject
		docs\BasicPayrunWorkflow.md = docs\BasicPayrunWorkflow.md
		KnownIssues.md = KnownIssues.md
		docs\README.md = docs\README.md
	EndProjectSection
EndProject
Project("{9A19103F-16F7-4668-BE54-9A1E7A4F7556}") = "Paytools.IncomeTax", "src\Paytools.IncomeTax\Paytools.IncomeTax.csproj", "{08A4EC88-AAD4-476B-BE2D-E955D58AC5C5}"
EndProject
Project("{9A19103F-16F7-4668-BE54-9A1E7A4F7556}") = "Paytools.IncomeTax.Tests", "test\Paytools.IncomeTax.Tests\Paytools.IncomeTax.Tests.csproj", "{57D3E859-FAAB-4EE1-B036-6FA3A020DC39}"
EndProject
Project("{9A19103F-16F7-4668-BE54-9A1E7A4F7556}") = "Paytools.ReferenceData", "src\Paytools.ReferenceData\Paytools.ReferenceData.csproj", "{C19233BD-F224-486A-8790-5861DA6299CD}"
EndProject
Project("{9A19103F-16F7-4668-BE54-9A1E7A4F7556}") = "Paytools.ReferenceData.Tests", "test\Paytools.ReferenceData.Tests\Paytools.ReferenceData.Tests.csproj", "{B515145C-4671-408B-A268-79B181E632E1}"
EndProject
Project("{9A19103F-16F7-4668-BE54-9A1E7A4F7556}") = "Paytools.NationalInsurance", "src\Paytools.NationalInsurance\Paytools.NationalInsurance.csproj", "{5092B937-A5E0-4FE9-A8B4-5120A9E27967}"
EndProject
Project("{9A19103F-16F7-4668-BE54-9A1E7A4F7556}") = "Paytools.NationalInsurance.Tests", "test\Paytools.NationalInsurance.Tests\Paytools.NationalInsurance.Tests.csproj", "{0A6CD27A-4336-4533-974F-E56D308CEF8B}"
EndProject
Project("{9A19103F-16F7-4668-BE54-9A1E7A4F7556}") = "Paytools.Testing.Data", "test\Paytools.Testing.Data\Paytools.Testing.Data.csproj", "{99A00AD7-6132-445E-897D-34EE3B6D0F5E}"
EndProject
Project("{9A19103F-16F7-4668-BE54-9A1E7A4F7556}") = "Paytools.Pensions", "src\Paytools.Pensions\Paytools.Pensions.csproj", "{0A1029F5-EF89-47C8-BF69-5CB6A4A5F4D7}"
EndProject
Project("{9A19103F-16F7-4668-BE54-9A1E7A4F7556}") = "Paytools.Pensions.Tests", "test\Paytools.Pensions.Tests\Paytools.Pensions.Tests.csproj", "{348E78DB-0BD6-461B-A9D6-70105336A823}"
EndProject
Project("{9A19103F-16F7-4668-BE54-9A1E7A4F7556}") = "Paytools.Testing.Utils", "test\Paytools.Testing.Utils\Paytools.Testing.Utils.csproj", "{551B06A9-420C-4E39-A65C-4C28A26602F8}"
EndProject
Project("{2150E333-8FDC-42A3-9474-1A3956D46DE8}") = "examples", "examples", "{15BCD6F6-BA04-413B-AA93-F9E66EEA0073}"
EndProject
Project("{9A19103F-16F7-4668-BE54-9A1E7A4F7556}") = "Paytools.Examples.TaxNationalInsurance", "examples\Paytools.Examples.TaxNationalInsurance\Paytools.Examples.TaxNationalInsurance.csproj", "{74CC2208-9205-48F8-B19D-295F5052A3B3}"
EndProject
Project("{9A19103F-16F7-4668-BE54-9A1E7A4F7556}") = "Paytools.NationalMinimumWage.Tests", "test\Paytools.NationalMinimumWage.Tests\Paytools.NationalMinimumWage.Tests.csproj", "{D7E01F4D-4343-4751-97AE-15AE3B7BBC4F}"
EndProject
Project("{9A19103F-16F7-4668-BE54-9A1E7A4F7556}") = "Paytools.NationalMinimumWage", "src\Paytools.NationalMinimumWage\Paytools.NationalMinimumWage.csproj", "{864BEB91-80AE-416D-BC81-EE134DD68E0C}"
EndProject
Project("{9A19103F-16F7-4668-BE54-9A1E7A4F7556}") = "Paytools.StudentLoans", "src\Paytools.StudentLoans\Paytools.StudentLoans.csproj", "{1AC96853-D6EA-4D27-AE0F-12538A8FF64B}"
EndProject
Project("{9A19103F-16F7-4668-BE54-9A1E7A4F7556}") = "Paytools.StudentLoans.Tests", "test\Paytools.StudentLoans.Tests\Paytools.StudentLoans.Tests.csproj", "{0A4C51BC-F6DE-4F42-A4DA-87E151B3039E}"
EndProject
Project("{9A19103F-16F7-4668-BE54-9A1E7A4F7556}") = "Paytools.Employment", "src\Paytools.Employment\Paytools.Employment.csproj", "{E34BE5C7-F5BC-45C7-B7B9-6EEA95B9FBFA}"
EndProject
Project("{9A19103F-16F7-4668-BE54-9A1E7A4F7556}") = "Paytools.Rti", "src\Paytools.Rti\Paytools.Rti.csproj", "{F91C0264-CD20-4D21-BA30-CD14AE3617E6}"
EndProject
Project("{9A19103F-16F7-4668-BE54-9A1E7A4F7556}") = "Paytools.Rti.Tests", "test\Paytools.Rti.Tests\Paytools.Rti.Tests.csproj", "{E93AF842-B497-4081-9EA4-09B8E172A3F2}"
EndProject
Project("{9A19103F-16F7-4668-BE54-9A1E7A4F7556}") = "Paytools.Payroll", "src\Paytools.Payroll\Paytools.Payroll.csproj", "{6B065DEA-CA7D-4100-A286-1344B06CF80B}"
EndProject
Project("{FAE04EC0-301F-11D3-BF4B-00C04F79EFBC}") = "Paytools.Documents", "src\Paytools.Documents\Paytools.Documents.csproj", "{EC65E04E-9431-4AA3-9092-94B234A10B26}"
EndProject
Global
	GlobalSection(SolutionConfigurationPlatforms) = preSolution
		Debug|Any CPU = Debug|Any CPU
		Release|Any CPU = Release|Any CPU
	EndGlobalSection
	GlobalSection(ProjectConfigurationPlatforms) = postSolution
		{A201CA1D-5851-4EDF-8666-328B0D773189}.Debug|Any CPU.ActiveCfg = Debug|Any CPU
		{A201CA1D-5851-4EDF-8666-328B0D773189}.Debug|Any CPU.Build.0 = Debug|Any CPU
		{A201CA1D-5851-4EDF-8666-328B0D773189}.Release|Any CPU.ActiveCfg = Release|Any CPU
		{A201CA1D-5851-4EDF-8666-328B0D773189}.Release|Any CPU.Build.0 = Release|Any CPU
		{8DB123BD-29BD-4C79-AA00-B293D140A355}.Debug|Any CPU.ActiveCfg = Debug|Any CPU
		{8DB123BD-29BD-4C79-AA00-B293D140A355}.Debug|Any CPU.Build.0 = Debug|Any CPU
		{8DB123BD-29BD-4C79-AA00-B293D140A355}.Release|Any CPU.ActiveCfg = Release|Any CPU
		{8DB123BD-29BD-4C79-AA00-B293D140A355}.Release|Any CPU.Build.0 = Release|Any CPU
		{08A4EC88-AAD4-476B-BE2D-E955D58AC5C5}.Debug|Any CPU.ActiveCfg = Debug|Any CPU
		{08A4EC88-AAD4-476B-BE2D-E955D58AC5C5}.Debug|Any CPU.Build.0 = Debug|Any CPU
		{08A4EC88-AAD4-476B-BE2D-E955D58AC5C5}.Release|Any CPU.ActiveCfg = Release|Any CPU
		{08A4EC88-AAD4-476B-BE2D-E955D58AC5C5}.Release|Any CPU.Build.0 = Release|Any CPU
		{57D3E859-FAAB-4EE1-B036-6FA3A020DC39}.Debug|Any CPU.ActiveCfg = Debug|Any CPU
		{57D3E859-FAAB-4EE1-B036-6FA3A020DC39}.Debug|Any CPU.Build.0 = Debug|Any CPU
		{57D3E859-FAAB-4EE1-B036-6FA3A020DC39}.Release|Any CPU.ActiveCfg = Release|Any CPU
		{57D3E859-FAAB-4EE1-B036-6FA3A020DC39}.Release|Any CPU.Build.0 = Release|Any CPU
		{C19233BD-F224-486A-8790-5861DA6299CD}.Debug|Any CPU.ActiveCfg = Debug|Any CPU
		{C19233BD-F224-486A-8790-5861DA6299CD}.Debug|Any CPU.Build.0 = Debug|Any CPU
		{C19233BD-F224-486A-8790-5861DA6299CD}.Release|Any CPU.ActiveCfg = Release|Any CPU
		{C19233BD-F224-486A-8790-5861DA6299CD}.Release|Any CPU.Build.0 = Release|Any CPU
		{B515145C-4671-408B-A268-79B181E632E1}.Debug|Any CPU.ActiveCfg = Debug|Any CPU
		{B515145C-4671-408B-A268-79B181E632E1}.Debug|Any CPU.Build.0 = Debug|Any CPU
		{B515145C-4671-408B-A268-79B181E632E1}.Release|Any CPU.ActiveCfg = Release|Any CPU
		{B515145C-4671-408B-A268-79B181E632E1}.Release|Any CPU.Build.0 = Release|Any CPU
		{5092B937-A5E0-4FE9-A8B4-5120A9E27967}.Debug|Any CPU.ActiveCfg = Debug|Any CPU
		{5092B937-A5E0-4FE9-A8B4-5120A9E27967}.Debug|Any CPU.Build.0 = Debug|Any CPU
		{5092B937-A5E0-4FE9-A8B4-5120A9E27967}.Release|Any CPU.ActiveCfg = Release|Any CPU
		{5092B937-A5E0-4FE9-A8B4-5120A9E27967}.Release|Any CPU.Build.0 = Release|Any CPU
		{0A6CD27A-4336-4533-974F-E56D308CEF8B}.Debug|Any CPU.ActiveCfg = Debug|Any CPU
		{0A6CD27A-4336-4533-974F-E56D308CEF8B}.Debug|Any CPU.Build.0 = Debug|Any CPU
		{0A6CD27A-4336-4533-974F-E56D308CEF8B}.Release|Any CPU.ActiveCfg = Release|Any CPU
		{0A6CD27A-4336-4533-974F-E56D308CEF8B}.Release|Any CPU.Build.0 = Release|Any CPU
		{99A00AD7-6132-445E-897D-34EE3B6D0F5E}.Debug|Any CPU.ActiveCfg = Debug|Any CPU
		{99A00AD7-6132-445E-897D-34EE3B6D0F5E}.Debug|Any CPU.Build.0 = Debug|Any CPU
		{99A00AD7-6132-445E-897D-34EE3B6D0F5E}.Release|Any CPU.ActiveCfg = Release|Any CPU
		{99A00AD7-6132-445E-897D-34EE3B6D0F5E}.Release|Any CPU.Build.0 = Release|Any CPU
		{0A1029F5-EF89-47C8-BF69-5CB6A4A5F4D7}.Debug|Any CPU.ActiveCfg = Debug|Any CPU
		{0A1029F5-EF89-47C8-BF69-5CB6A4A5F4D7}.Debug|Any CPU.Build.0 = Debug|Any CPU
		{0A1029F5-EF89-47C8-BF69-5CB6A4A5F4D7}.Release|Any CPU.ActiveCfg = Release|Any CPU
		{0A1029F5-EF89-47C8-BF69-5CB6A4A5F4D7}.Release|Any CPU.Build.0 = Release|Any CPU
		{348E78DB-0BD6-461B-A9D6-70105336A823}.Debug|Any CPU.ActiveCfg = Debug|Any CPU
		{348E78DB-0BD6-461B-A9D6-70105336A823}.Debug|Any CPU.Build.0 = Debug|Any CPU
		{348E78DB-0BD6-461B-A9D6-70105336A823}.Release|Any CPU.ActiveCfg = Release|Any CPU
		{348E78DB-0BD6-461B-A9D6-70105336A823}.Release|Any CPU.Build.0 = Release|Any CPU
		{551B06A9-420C-4E39-A65C-4C28A26602F8}.Debug|Any CPU.ActiveCfg = Debug|Any CPU
		{551B06A9-420C-4E39-A65C-4C28A26602F8}.Debug|Any CPU.Build.0 = Debug|Any CPU
		{551B06A9-420C-4E39-A65C-4C28A26602F8}.Release|Any CPU.ActiveCfg = Release|Any CPU
		{551B06A9-420C-4E39-A65C-4C28A26602F8}.Release|Any CPU.Build.0 = Release|Any CPU
		{74CC2208-9205-48F8-B19D-295F5052A3B3}.Debug|Any CPU.ActiveCfg = Debug|Any CPU
		{74CC2208-9205-48F8-B19D-295F5052A3B3}.Debug|Any CPU.Build.0 = Debug|Any CPU
		{74CC2208-9205-48F8-B19D-295F5052A3B3}.Release|Any CPU.ActiveCfg = Release|Any CPU
		{74CC2208-9205-48F8-B19D-295F5052A3B3}.Release|Any CPU.Build.0 = Release|Any CPU
		{D7E01F4D-4343-4751-97AE-15AE3B7BBC4F}.Debug|Any CPU.ActiveCfg = Debug|Any CPU
		{D7E01F4D-4343-4751-97AE-15AE3B7BBC4F}.Debug|Any CPU.Build.0 = Debug|Any CPU
		{D7E01F4D-4343-4751-97AE-15AE3B7BBC4F}.Release|Any CPU.ActiveCfg = Release|Any CPU
		{D7E01F4D-4343-4751-97AE-15AE3B7BBC4F}.Release|Any CPU.Build.0 = Release|Any CPU
		{864BEB91-80AE-416D-BC81-EE134DD68E0C}.Debug|Any CPU.ActiveCfg = Debug|Any CPU
		{864BEB91-80AE-416D-BC81-EE134DD68E0C}.Debug|Any CPU.Build.0 = Debug|Any CPU
		{864BEB91-80AE-416D-BC81-EE134DD68E0C}.Release|Any CPU.ActiveCfg = Release|Any CPU
		{864BEB91-80AE-416D-BC81-EE134DD68E0C}.Release|Any CPU.Build.0 = Release|Any CPU
		{1AC96853-D6EA-4D27-AE0F-12538A8FF64B}.Debug|Any CPU.ActiveCfg = Debug|Any CPU
		{1AC96853-D6EA-4D27-AE0F-12538A8FF64B}.Debug|Any CPU.Build.0 = Debug|Any CPU
		{1AC96853-D6EA-4D27-AE0F-12538A8FF64B}.Release|Any CPU.ActiveCfg = Release|Any CPU
		{1AC96853-D6EA-4D27-AE0F-12538A8FF64B}.Release|Any CPU.Build.0 = Release|Any CPU
		{0A4C51BC-F6DE-4F42-A4DA-87E151B3039E}.Debug|Any CPU.ActiveCfg = Debug|Any CPU
		{0A4C51BC-F6DE-4F42-A4DA-87E151B3039E}.Debug|Any CPU.Build.0 = Debug|Any CPU
		{0A4C51BC-F6DE-4F42-A4DA-87E151B3039E}.Release|Any CPU.ActiveCfg = Release|Any CPU
		{0A4C51BC-F6DE-4F42-A4DA-87E151B3039E}.Release|Any CPU.Build.0 = Release|Any CPU
		{E34BE5C7-F5BC-45C7-B7B9-6EEA95B9FBFA}.Debug|Any CPU.ActiveCfg = Debug|Any CPU
		{E34BE5C7-F5BC-45C7-B7B9-6EEA95B9FBFA}.Debug|Any CPU.Build.0 = Debug|Any CPU
		{E34BE5C7-F5BC-45C7-B7B9-6EEA95B9FBFA}.Release|Any CPU.ActiveCfg = Release|Any CPU
		{E34BE5C7-F5BC-45C7-B7B9-6EEA95B9FBFA}.Release|Any CPU.Build.0 = Release|Any CPU
		{F91C0264-CD20-4D21-BA30-CD14AE3617E6}.Debug|Any CPU.ActiveCfg = Debug|Any CPU
		{F91C0264-CD20-4D21-BA30-CD14AE3617E6}.Debug|Any CPU.Build.0 = Debug|Any CPU
		{F91C0264-CD20-4D21-BA30-CD14AE3617E6}.Release|Any CPU.ActiveCfg = Release|Any CPU
		{F91C0264-CD20-4D21-BA30-CD14AE3617E6}.Release|Any CPU.Build.0 = Release|Any CPU
		{E93AF842-B497-4081-9EA4-09B8E172A3F2}.Debug|Any CPU.ActiveCfg = Debug|Any CPU
		{E93AF842-B497-4081-9EA4-09B8E172A3F2}.Debug|Any CPU.Build.0 = Debug|Any CPU
		{E93AF842-B497-4081-9EA4-09B8E172A3F2}.Release|Any CPU.ActiveCfg = Release|Any CPU
		{E93AF842-B497-4081-9EA4-09B8E172A3F2}.Release|Any CPU.Build.0 = Release|Any CPU
		{6B065DEA-CA7D-4100-A286-1344B06CF80B}.Debug|Any CPU.ActiveCfg = Debug|Any CPU
		{6B065DEA-CA7D-4100-A286-1344B06CF80B}.Debug|Any CPU.Build.0 = Debug|Any CPU
		{6B065DEA-CA7D-4100-A286-1344B06CF80B}.Release|Any CPU.ActiveCfg = Release|Any CPU
		{6B065DEA-CA7D-4100-A286-1344B06CF80B}.Release|Any CPU.Build.0 = Release|Any CPU
		{EC65E04E-9431-4AA3-9092-94B234A10B26}.Debug|Any CPU.ActiveCfg = Debug|Any CPU
		{EC65E04E-9431-4AA3-9092-94B234A10B26}.Debug|Any CPU.Build.0 = Debug|Any CPU
		{EC65E04E-9431-4AA3-9092-94B234A10B26}.Release|Any CPU.ActiveCfg = Release|Any CPU
		{EC65E04E-9431-4AA3-9092-94B234A10B26}.Release|Any CPU.Build.0 = Release|Any CPU
	EndGlobalSection
	GlobalSection(SolutionProperties) = preSolution
		HideSolutionNode = FALSE
	EndGlobalSection
	GlobalSection(NestedProjects) = preSolution
		{A201CA1D-5851-4EDF-8666-328B0D773189} = {9316B808-4E93-4E7C-B5D6-1C87B65E72A8}
		{8DB123BD-29BD-4C79-AA00-B293D140A355} = {17075853-7B07-44FD-8FDB-B917A9E51140}
		{08A4EC88-AAD4-476B-BE2D-E955D58AC5C5} = {9316B808-4E93-4E7C-B5D6-1C87B65E72A8}
		{57D3E859-FAAB-4EE1-B036-6FA3A020DC39} = {17075853-7B07-44FD-8FDB-B917A9E51140}
		{C19233BD-F224-486A-8790-5861DA6299CD} = {9316B808-4E93-4E7C-B5D6-1C87B65E72A8}
		{B515145C-4671-408B-A268-79B181E632E1} = {17075853-7B07-44FD-8FDB-B917A9E51140}
		{5092B937-A5E0-4FE9-A8B4-5120A9E27967} = {9316B808-4E93-4E7C-B5D6-1C87B65E72A8}
		{0A6CD27A-4336-4533-974F-E56D308CEF8B} = {17075853-7B07-44FD-8FDB-B917A9E51140}
		{99A00AD7-6132-445E-897D-34EE3B6D0F5E} = {17075853-7B07-44FD-8FDB-B917A9E51140}
		{0A1029F5-EF89-47C8-BF69-5CB6A4A5F4D7} = {9316B808-4E93-4E7C-B5D6-1C87B65E72A8}
		{348E78DB-0BD6-461B-A9D6-70105336A823} = {17075853-7B07-44FD-8FDB-B917A9E51140}
		{551B06A9-420C-4E39-A65C-4C28A26602F8} = {17075853-7B07-44FD-8FDB-B917A9E51140}
		{74CC2208-9205-48F8-B19D-295F5052A3B3} = {15BCD6F6-BA04-413B-AA93-F9E66EEA0073}
		{D7E01F4D-4343-4751-97AE-15AE3B7BBC4F} = {17075853-7B07-44FD-8FDB-B917A9E51140}
		{864BEB91-80AE-416D-BC81-EE134DD68E0C} = {9316B808-4E93-4E7C-B5D6-1C87B65E72A8}
		{1AC96853-D6EA-4D27-AE0F-12538A8FF64B} = {9316B808-4E93-4E7C-B5D6-1C87B65E72A8}
		{0A4C51BC-F6DE-4F42-A4DA-87E151B3039E} = {17075853-7B07-44FD-8FDB-B917A9E51140}
		{E34BE5C7-F5BC-45C7-B7B9-6EEA95B9FBFA} = {9316B808-4E93-4E7C-B5D6-1C87B65E72A8}
		{F91C0264-CD20-4D21-BA30-CD14AE3617E6} = {9316B808-4E93-4E7C-B5D6-1C87B65E72A8}
		{E93AF842-B497-4081-9EA4-09B8E172A3F2} = {17075853-7B07-44FD-8FDB-B917A9E51140}
		{6B065DEA-CA7D-4100-A286-1344B06CF80B} = {9316B808-4E93-4E7C-B5D6-1C87B65E72A8}
		{EC65E04E-9431-4AA3-9092-94B234A10B26} = {9316B808-4E93-4E7C-B5D6-1C87B65E72A8}
	EndGlobalSection
	GlobalSection(ExtensibilityGlobals) = postSolution
		SolutionGuid = {BEF0603C-E049-4F35-B083-9EC35309E23C}
	EndGlobalSection
EndGlobal
